// !$*UTF8*$!
{
	archiveVersion = 1;
	classes = {
	};
	objectVersion = 55;
	objects = {

/* Begin PBXBuildFile section */
		B2A94E7427E3BEF000FF7FD5 /* AppDelegate.swift in Sources */ = {isa = PBXBuildFile; fileRef = B2A94E7327E3BEF000FF7FD5 /* AppDelegate.swift */; };
		B2A94E7627E3BEF000FF7FD5 /* SceneDelegate.swift in Sources */ = {isa = PBXBuildFile; fileRef = B2A94E7527E3BEF000FF7FD5 /* SceneDelegate.swift */; };
		B2A94E7827E3BEF000FF7FD5 /* ViewController.swift in Sources */ = {isa = PBXBuildFile; fileRef = B2A94E7727E3BEF000FF7FD5 /* ViewController.swift */; };
		B2A94E7B27E3BEF000FF7FD5 /* Main.storyboard in Resources */ = {isa = PBXBuildFile; fileRef = B2A94E7927E3BEF000FF7FD5 /* Main.storyboard */; };
		B2A94E7D27E3BEF200FF7FD5 /* Assets.xcassets in Resources */ = {isa = PBXBuildFile; fileRef = B2A94E7C27E3BEF200FF7FD5 /* Assets.xcassets */; };
		B2A94E8027E3BEF200FF7FD5 /* LaunchScreen.storyboard in Resources */ = {isa = PBXBuildFile; fileRef = B2A94E7E27E3BEF200FF7FD5 /* LaunchScreen.storyboard */; };
		B2A94E8827E3C05500FF7FD5 /* GeneralViewController.swift in Sources */ = {isa = PBXBuildFile; fileRef = B2A94E8727E3C05500FF7FD5 /* GeneralViewController.swift */; };
		B2A94E8C27E65A2200FF7FD5 /* Questions.swift in Sources */ = {isa = PBXBuildFile; fileRef = B2A94E8B27E65A2200FF7FD5 /* Questions.swift */; };
		B2A94E8E27E65B3200FF7FD5 /* Answers.swift in Sources */ = {isa = PBXBuildFile; fileRef = B2A94E8D27E65B3200FF7FD5 /* Answers.swift */; };
		B2A94E9027E6686600FF7FD5 /* QuestionsViewController.swift in Sources */ = {isa = PBXBuildFile; fileRef = B2A94E8F27E6686600FF7FD5 /* QuestionsViewController.swift */; };
		B2A94E9227E6687600FF7FD5 /* ResultsViewController.swift in Sources */ = {isa = PBXBuildFile; fileRef = B2A94E9127E6687600FF7FD5 /* ResultsViewController.swift */; };
/* End PBXBuildFile section */

/* Begin PBXFileReference section */
		B2A94E7027E3BEF000FF7FD5 /* What kind of flower are you.app */ = {isa = PBXFileReference; explicitFileType = wrapper.application; includeInIndex = 0; path = "What kind of flower are you.app"; sourceTree = BUILT_PRODUCTS_DIR; };
		B2A94E7327E3BEF000FF7FD5 /* AppDelegate.swift */ = {isa = PBXFileReference; lastKnownFileType = sourcecode.swift; path = AppDelegate.swift; sourceTree = "<group>"; };
		B2A94E7527E3BEF000FF7FD5 /* SceneDelegate.swift */ = {isa = PBXFileReference; lastKnownFileType = sourcecode.swift; path = SceneDelegate.swift; sourceTree = "<group>"; };
		B2A94E7727E3BEF000FF7FD5 /* ViewController.swift */ = {isa = PBXFileReference; lastKnownFileType = sourcecode.swift; path = ViewController.swift; sourceTree = "<group>"; };
		B2A94E7A27E3BEF000FF7FD5 /* Base */ = {isa = PBXFileReference; lastKnownFileType = file.storyboard; name = Base; path = Base.lproj/Main.storyboard; sourceTree = "<group>"; };
		B2A94E7C27E3BEF200FF7FD5 /* Assets.xcassets */ = {isa = PBXFileReference; lastKnownFileType = folder.assetcatalog; path = Assets.xcassets; sourceTree = "<group>"; };
		B2A94E7F27E3BEF200FF7FD5 /* Base */ = {isa = PBXFileReference; lastKnownFileType = file.storyboard; name = Base; path = Base.lproj/LaunchScreen.storyboard; sourceTree = "<group>"; };
		B2A94E8127E3BEF200FF7FD5 /* Info.plist */ = {isa = PBXFileReference; lastKnownFileType = text.plist.xml; path = Info.plist; sourceTree = "<group>"; };
		B2A94E8727E3C05500FF7FD5 /* GeneralViewController.swift */ = {isa = PBXFileReference; lastKnownFileType = sourcecode.swift; path = GeneralViewController.swift; sourceTree = "<group>"; };
		B2A94E8B27E65A2200FF7FD5 /* Questions.swift */ = {isa = PBXFileReference; lastKnownFileType = sourcecode.swift; path = Questions.swift; sourceTree = "<group>"; };
		B2A94E8D27E65B3200FF7FD5 /* Answers.swift */ = {isa = PBXFileReference; lastKnownFileType = sourcecode.swift; path = Answers.swift; sourceTree = "<group>"; };
		B2A94E8F27E6686600FF7FD5 /* QuestionsViewController.swift */ = {isa = PBXFileReference; lastKnownFileType = sourcecode.swift; path = QuestionsViewController.swift; sourceTree = "<group>"; };
		B2A94E9127E6687600FF7FD5 /* ResultsViewController.swift */ = {isa = PBXFileReference; lastKnownFileType = sourcecode.swift; path = ResultsViewController.swift; sourceTree = "<group>"; };
/* End PBXFileReference section */

/* Begin PBXFrameworksBuildPhase section */
		B2A94E6D27E3BEF000FF7FD5 /* Frameworks */ = {
			isa = PBXFrameworksBuildPhase;
			buildActionMask = 2147483647;
			files = (
			);
			runOnlyForDeploymentPostprocessing = 0;
		};
/* End PBXFrameworksBuildPhase section */

/* Begin PBXGroup section */
		B2A94E6727E3BEF000FF7FD5 = {
			isa = PBXGroup;
			children = (
				B2A94E7227E3BEF000FF7FD5 /* What kind of flower are you */,
				B2A94E7127E3BEF000FF7FD5 /* Products */,
			);
			sourceTree = "<group>";
		};
		B2A94E7127E3BEF000FF7FD5 /* Products */ = {
			isa = PBXGroup;
			children = (
				B2A94E7027E3BEF000FF7FD5 /* What kind of flower are you.app */,
			);
			name = Products;
			sourceTree = "<group>";
		};
		B2A94E7227E3BEF000FF7FD5 /* What kind of flower are you */ = {
			isa = PBXGroup;
			children = (
				B2A94E8A27E659A100FF7FD5 /* ViewControllers */,
				B2A94E8927E6599300FF7FD5 /* Models */,
				B2A94E7327E3BEF000FF7FD5 /* AppDelegate.swift */,
				B2A94E7527E3BEF000FF7FD5 /* SceneDelegate.swift */,
				B2A94E7927E3BEF000FF7FD5 /* Main.storyboard */,
				B2A94E7C27E3BEF200FF7FD5 /* Assets.xcassets */,
				B2A94E7E27E3BEF200FF7FD5 /* LaunchScreen.storyboard */,
				B2A94E8127E3BEF200FF7FD5 /* Info.plist */,
			);
			path = "What kind of flower are you";
			sourceTree = "<group>";
		};
		B2A94E8927E6599300FF7FD5 /* Models */ = {
			isa = PBXGroup;
			children = (
				B2A94E8B27E65A2200FF7FD5 /* Questions.swift */,
				B2A94E8D27E65B3200FF7FD5 /* Answers.swift */,
			);
			path = Models;
			sourceTree = "<group>";
		};
		B2A94E8A27E659A100FF7FD5 /* ViewControllers */ = {
			isa = PBXGroup;
			children = (
				B2A94E8727E3C05500FF7FD5 /* GeneralViewController.swift */,
				B2A94E8F27E6686600FF7FD5 /* QuestionsViewController.swift */,
				B2A94E9127E6687600FF7FD5 /* ResultsViewController.swift */,
				B2A94E7727E3BEF000FF7FD5 /* ViewController.swift */,
			);
			path = ViewControllers;
			sourceTree = "<group>";
		};
/* End PBXGroup section */

/* Begin PBXNativeTarget section */
		B2A94E6F27E3BEF000FF7FD5 /* What kind of flower are you */ = {
			isa = PBXNativeTarget;
			buildConfigurationList = B2A94E8427E3BEF200FF7FD5 /* Build configuration list for PBXNativeTarget "What kind of flower are you" */;
			buildPhases = (
				B2A94E6C27E3BEF000FF7FD5 /* Sources */,
				B2A94E6D27E3BEF000FF7FD5 /* Frameworks */,
				B2A94E6E27E3BEF000FF7FD5 /* Resources */,
			);
			buildRules = (
			);
			dependencies = (
			);
			name = "What kind of flower are you";
			productName = "What kind of flower are you";
			productReference = B2A94E7027E3BEF000FF7FD5 /* What kind of flower are you.app */;
			productType = "com.apple.product-type.application";
		};
/* End PBXNativeTarget section */

/* Begin PBXProject section */
		B2A94E6827E3BEF000FF7FD5 /* Project object */ = {
			isa = PBXProject;
			attributes = {
				BuildIndependentTargetsInParallel = 1;
				LastSwiftUpdateCheck = 1320;
				LastUpgradeCheck = 1320;
				TargetAttributes = {
					B2A94E6F27E3BEF000FF7FD5 = {
						CreatedOnToolsVersion = 13.2.1;
					};
				};
			};
			buildConfigurationList = B2A94E6B27E3BEF000FF7FD5 /* Build configuration list for PBXProject "What kind of flower are you" */;
			compatibilityVersion = "Xcode 13.0";
			developmentRegion = en;
			hasScannedForEncodings = 0;
			knownRegions = (
				en,
				Base,
			);
			mainGroup = B2A94E6727E3BEF000FF7FD5;
			productRefGroup = B2A94E7127E3BEF000FF7FD5 /* Products */;
			projectDirPath = "";
			projectRoot = "";
			targets = (
				B2A94E6F27E3BEF000FF7FD5 /* What kind of flower are you */,
			);
		};
/* End PBXProject section */

/* Begin PBXResourcesBuildPhase section */
		B2A94E6E27E3BEF000FF7FD5 /* Resources */ = {
			isa = PBXResourcesBuildPhase;
			buildActionMask = 2147483647;
			files = (
				B2A94E8027E3BEF200FF7FD5 /* LaunchScreen.storyboard in Resources */,
				B2A94E7D27E3BEF200FF7FD5 /* Assets.xcassets in Resources */,
				B2A94E7B27E3BEF000FF7FD5 /* Main.storyboard in Resources */,
			);
			runOnlyForDeploymentPostprocessing = 0;
		};
/* End PBXResourcesBuildPhase section */

/* Begin PBXSourcesBuildPhase section */
		B2A94E6C27E3BEF000FF7FD5 /* Sources */ = {
			isa = PBXSourcesBuildPhase;
			buildActionMask = 2147483647;
			files = (
				B2A94E7827E3BEF000FF7FD5 /* ViewController.swift in Sources */,
				B2A94E9027E6686600FF7FD5 /* QuestionsViewController.swift in Sources */,
				B2A94E8E27E65B3200FF7FD5 /* Answers.swift in Sources */,
				B2A94E7427E3BEF000FF7FD5 /* AppDelegate.swift in Sources */,
				B2A94E7627E3BEF000FF7FD5 /* SceneDelegate.swift in Sources */,
				B2A94E8C27E65A2200FF7FD5 /* Questions.swift in Sources */,
				B2A94E8827E3C05500FF7FD5 /* GeneralViewController.swift in Sources */,
				B2A94E9227E6687600FF7FD5 /* ResultsViewController.swift in Sources */,
			);
			runOnlyForDeploymentPostprocessing = 0;
		};
/* End PBXSourcesBuildPhase section */

/* Begin PBXVariantGroup section */
		B2A94E7927E3BEF000FF7FD5 /* Main.storyboard */ = {
			isa = PBXVariantGroup;
			children = (
				B2A94E7A27E3BEF000FF7FD5 /* Base */,
			);
			name = Main.storyboard;
			sourceTree = "<group>";
		};
		B2A94E7E27E3BEF200FF7FD5 /* LaunchScreen.storyboard */ = {
			isa = PBXVariantGroup;
			children = (
				B2A94E7F27E3BEF200FF7FD5 /* Base */,
			);
			name = LaunchScreen.storyboard;
			sourceTree = "<group>";
		};
/* End PBXVariantGroup section */

/* Begin XCBuildConfiguration section */
		B2A94E8227E3BEF200FF7FD5 /* Debug */ = {
			isa = XCBuildConfiguration;
			buildSettings = {
				ALWAYS_SEARCH_USER_PATHS = NO;
				CLANG_ANALYZER_NONNULL = YES;
				CLANG_ANALYZER_NUMBER_OBJECT_CONVERSION = YES_AGGRESSIVE;
				CLANG_CXX_LANGUAGE_STANDARD = "gnu++17";
				CLANG_CXX_LIBRARY = "libc++";
				CLANG_ENABLE_MODULES = YES;
				CLANG_ENABLE_OBJC_ARC = YES;
				CLANG_ENABLE_OBJC_WEAK = YES;
				CLANG_WARN_BLOCK_CAPTURE_AUTORELEASING = YES;
				CLANG_WARN_BOOL_CONVERSION = YES;
				CLANG_WARN_COMMA = YES;
				CLANG_WARN_CONSTANT_CONVERSION = YES;
				CLANG_WARN_DEPRECATED_OBJC_IMPLEMENTATIONS = YES;
				CLANG_WARN_DIRECT_OBJC_ISA_USAGE = YES_ERROR;
				CLANG_WARN_DOCUMENTATION_COMMENTS = YES;
				CLANG_WARN_EMPTY_BODY = YES;
				CLANG_WARN_ENUM_CONVERSION = YES;
				CLANG_WARN_INFINITE_RECURSION = YES;
				CLANG_WARN_INT_CONVERSION = YES;
				CLANG_WARN_NON_LITERAL_NULL_CONVERSION = YES;
				CLANG_WARN_OBJC_IMPLICIT_RETAIN_SELF = YES;
				CLANG_WARN_OBJC_LITERAL_CONVERSION = YES;
				CLANG_WARN_OBJC_ROOT_CLASS = YES_ERROR;
				CLANG_WARN_QUOTED_INCLUDE_IN_FRAMEWORK_HEADER = YES;
				CLANG_WARN_RANGE_LOOP_ANALYSIS = YES;
				CLANG_WARN_STRICT_PROTOTYPES = YES;
				CLANG_WARN_SUSPICIOUS_MOVE = YES;
				CLANG_WARN_UNGUARDED_AVAILABILITY = YES_AGGRESSIVE;
				CLANG_WARN_UNREACHABLE_CODE = YES;
				CLANG_WARN__DUPLICATE_METHOD_MATCH = YES;
				COPY_PHASE_STRIP = NO;
				DEBUG_INFORMATION_FORMAT = dwarf;
				ENABLE_STRICT_OBJC_MSGSEND = YES;
				ENABLE_TESTABILITY = YES;
				GCC_C_LANGUAGE_STANDARD = gnu11;
				GCC_DYNAMIC_NO_PIC = NO;
				GCC_NO_COMMON_BLOCKS = YES;
				GCC_OPTIMIZATION_LEVEL = 0;
				GCC_PREPROCESSOR_DEFINITIONS = (
					"DEBUG=1",
					"$(inherited)",
				);
				GCC_WARN_64_TO_32_BIT_CONVERSION = YES;
				GCC_WARN_ABOUT_RETURN_TYPE = YES_ERROR;
				GCC_WARN_UNDECLARED_SELECTOR = YES;
				GCC_WARN_UNINITIALIZED_AUTOS = YES_AGGRESSIVE;
				GCC_WARN_UNUSED_FUNCTION = YES;
				GCC_WARN_UNUSED_VARIABLE = YES;
				IPHONEOS_DEPLOYMENT_TARGET = 15.2;
				MTL_ENABLE_DEBUG_INFO = INCLUDE_SOURCE;
				MTL_FAST_MATH = YES;
				ONLY_ACTIVE_ARCH = YES;
				SDKROOT = iphoneos;
				SWIFT_ACTIVE_COMPILATION_CONDITIONS = DEBUG;
				SWIFT_OPTIMIZATION_LEVEL = "-Onone";
			};
			name = Debug;
		};
		B2A94E8327E3BEF200FF7FD5 /* Release */ = {
			isa = XCBuildConfiguration;
			buildSettings = {
				ALWAYS_SEARCH_USER_PATHS = NO;
				CLANG_ANALYZER_NONNULL = YES;
				CLANG_ANALYZER_NUMBER_OBJECT_CONVERSION = YES_AGGRESSIVE;
				CLANG_CXX_LANGUAGE_STANDARD = "gnu++17";
				CLANG_CXX_LIBRARY = "libc++";
				CLANG_ENABLE_MODULES = YES;
				CLANG_ENABLE_OBJC_ARC = YES;
				CLANG_ENABLE_OBJC_WEAK = YES;
				CLANG_WARN_BLOCK_CAPTURE_AUTORELEASING = YES;
				CLANG_WARN_BOOL_CONVERSION = YES;
				CLANG_WARN_COMMA = YES;
				CLANG_WARN_CONSTANT_CONVERSION = YES;
				CLANG_WARN_DEPRECATED_OBJC_IMPLEMENTATIONS = YES;
				CLANG_WARN_DIRECT_OBJC_ISA_USAGE = YES_ERROR;
				CLANG_WARN_DOCUMENTATION_COMMENTS = YES;
				CLANG_WARN_EMPTY_BODY = YES;
				CLANG_WARN_ENUM_CONVERSION = YES;
				CLANG_WARN_INFINITE_RECURSION = YES;
				CLANG_WARN_INT_CONVERSION = YES;
				CLANG_WARN_NON_LITERAL_NULL_CONVERSION = YES;
				CLANG_WARN_OBJC_IMPLICIT_RETAIN_SELF = YES;
				CLANG_WARN_OBJC_LITERAL_CONVERSION = YES;
				CLANG_WARN_OBJC_ROOT_CLASS = YES_ERROR;
				CLANG_WARN_QUOTED_INCLUDE_IN_FRAMEWORK_HEADER = YES;
				CLANG_WARN_RANGE_LOOP_ANALYSIS = YES;
				CLANG_WARN_STRICT_PROTOTYPES = YES;
				CLANG_WARN_SUSPICIOUS_MOVE = YES;
				CLANG_WARN_UNGUARDED_AVAILABILITY = YES_AGGRESSIVE;
				CLANG_WARN_UNREACHABLE_CODE = YES;
				CLANG_WARN__DUPLICATE_METHOD_MATCH = YES;
				COPY_PHASE_STRIP = NO;
				DEBUG_INFORMATION_FORMAT = "dwarf-with-dsym";
				ENABLE_NS_ASSERTIONS = NO;
				ENABLE_STRICT_OBJC_MSGSEND = YES;
				GCC_C_LANGUAGE_STANDARD = gnu11;
				GCC_NO_COMMON_BLOCKS = YES;
				GCC_WARN_64_TO_32_BIT_CONVERSION = YES;
				GCC_WARN_ABOUT_RETURN_TYPE = YES_ERROR;
				GCC_WARN_UNDECLARED_SELECTOR = YES;
				GCC_WARN_UNINITIALIZED_AUTOS = YES_AGGRESSIVE;
				GCC_WARN_UNUSED_FUNCTION = YES;
				GCC_WARN_UNUSED_VARIABLE = YES;
				IPHONEOS_DEPLOYMENT_TARGET = 15.2;
				MTL_ENABLE_DEBUG_INFO = NO;
				MTL_FAST_MATH = YES;
				SDKROOT = iphoneos;
				SWIFT_COMPILATION_MODE = wholemodule;
				SWIFT_OPTIMIZATION_LEVEL = "-O";
				VALIDATE_PRODUCT = YES;
			};
			name = Release;
		};
		B2A94E8527E3BEF200FF7FD5 /* Debug */ = {
			isa = XCBuildConfiguration;
			buildSettings = {
				ASSETCATALOG_COMPILER_APPICON_NAME = AppIcon;
				ASSETCATALOG_COMPILER_GLOBAL_ACCENT_COLOR_NAME = AccentColor;
				CODE_SIGN_STYLE = Automatic;
				CURRENT_PROJECT_VERSION = 1;
				DEVELOPMENT_TEAM = 24S8T73BXC;
				GENERATE_INFOPLIST_FILE = YES;
				INFOPLIST_FILE = "What kind of flower are you/Info.plist";
				INFOPLIST_KEY_UIApplicationSupportsIndirectInputEvents = YES;
				INFOPLIST_KEY_UILaunchStoryboardName = LaunchScreen;
				INFOPLIST_KEY_UIMainStoryboardFile = Main;
				INFOPLIST_KEY_UISupportedInterfaceOrientations_iPad = "UIInterfaceOrientationPortrait UIInterfaceOrientationPortraitUpsideDown UIInterfaceOrientationLandscapeLeft UIInterfaceOrientationLandscapeRight";
				INFOPLIST_KEY_UISupportedInterfaceOrientations_iPhone = "UIInterfaceOrientationPortrait UIInterfaceOrientationLandscapeLeft UIInterfaceOrientationLandscapeRight";
				LD_RUNPATH_SEARCH_PATHS = (
					"$(inherited)",
					"@executable_path/Frameworks",
				);
				MARKETING_VERSION = 1.0;
				PRODUCT_BUNDLE_IDENTIFIER = "Yuli.What-kind-of-flower-are-you";
				PRODUCT_NAME = "$(TARGET_NAME)";
				SWIFT_EMIT_LOC_STRINGS = YES;
				SWIFT_VERSION = 5.0;
				TARGETED_DEVICE_FAMILY = "1,2";
			};
			name = Debug;
		};
		B2A94E8627E3BEF200FF7FD5 /* Release */ = {
			isa = XCBuildConfiguration;
			buildSettings = {
				ASSETCATALOG_COMPILER_APPICON_NAME = AppIcon;
				ASSETCATALOG_COMPILER_GLOBAL_ACCENT_COLOR_NAME = AccentColor;
				CODE_SIGN_STYLE = Automatic;
				CURRENT_PROJECT_VERSION = 1;
				DEVELOPMENT_TEAM = 24S8T73BXC;
				GENERATE_INFOPLIST_FILE = YES;
				INFOPLIST_FILE = "What kind of flower are you/Info.plist";
				INFOPLIST_KEY_UIApplicationSupportsIndirectInputEvents = YES;
				INFOPLIST_KEY_UILaunchStoryboardName = LaunchScreen;
				INFOPLIST_KEY_UIMainStoryboardFile = Main;
				INFOPLIST_KEY_UISupportedInterfaceOrientations_iPad = "UIInterfaceOrientationPortrait UIInterfaceOrientationPortraitUpsideDown UIInterfaceOrientationLandscapeLeft UIInterfaceOrientationLandscapeRight";
				INFOPLIST_KEY_UISupportedInterfaceOrientations_iPhone = "UIInterfaceOrientationPortrait UIInterfaceOrientationLandscapeLeft UIInterfaceOrientationLandscapeRight";
				LD_RUNPATH_SEARCH_PATHS = (
					"$(inherited)",
					"@executable_path/Frameworks",
				);
				MARKETING_VERSION = 1.0;
				PRODUCT_BUNDLE_IDENTIFIER = "Yuli.What-kind-of-flower-are-you";
				PRODUCT_NAME = "$(TARGET_NAME)";
				SWIFT_EMIT_LOC_STRINGS = YES;
				SWIFT_VERSION = 5.0;
				TARGETED_DEVICE_FAMILY = "1,2";
			};
			name = Release;
		};
/* End XCBuildConfiguration section */

/* Begin XCConfigurationList section */
		B2A94E6B27E3BEF000FF7FD5 /* Build configuration list for PBXProject "What kind of flower are you" */ = {
			isa = XCConfigurationList;
			buildConfigurations = (
				B2A94E8227E3BEF200FF7FD5 /* Debug */,
				B2A94E8327E3BEF200FF7FD5 /* Release */,
			);
			defaultConfigurationIsVisible = 0;
			defaultConfigurationName = Release;
		};
		B2A94E8427E3BEF200FF7FD5 /* Build configuration list for PBXNativeTarget "What kind of flower are you" */ = {
			isa = XCConfigurationList;
			buildConfigurations = (
				B2A94E8527E3BEF200FF7FD5 /* Debug */,
				B2A94E8627E3BEF200FF7FD5 /* Release */,
			);
			defaultConfigurationIsVisible = 0;
			defaultConfigurationName = Release;
		};
/* End XCConfigurationList section */
	};
	rootObject = B2A94E6827E3BEF000FF7FD5 /* Project object */;
}
